
Microsoft Visual Studio Solution File, Format Version 12.00
# Visual Studio Version 16
VisualStudioVersion = 16.0.31613.86
MinimumVisualStudioVersion = 10.0.40219.1
Project("{FAE04EC0-301F-11D3-BF4B-00C04F79EFBC}") = "Tattoos", "teste-data-grid-view\Tattoos.csproj", "{2D35FCAA-4645-4C30-AF17-F895AD351874}"
EndProject
Global
	GlobalSection(SolutionConfigurationPlatforms) = preSolution
		Debug|Any CPU = Debug|Any CPU
		Release|Any CPU = Release|Any CPU
	EndGlobalSection
	GlobalSection(ProjectConfigurationPlatforms) = postSolution
		{2D35FCAA-4645-4C30-AF17-F895AD351874}.Debug|Any CPU.ActiveCfg = Debug|Any CPU
		{2D35FCAA-4645-4C30-AF17-F895AD351874}.Debug|Any CPU.Build.0 = Debug|Any CPU
		{2D35FCAA-4645-4C30-AF17-F895AD351874}.Release|Any CPU.ActiveCfg = Release|Any CPU
		{2D35FCAA-4645-4C30-AF17-F895AD351874}.Release|Any CPU.Build.0 = Release|Any CPU
	EndGlobalSection
	GlobalSection(SolutionProperties) = preSolution
		HideSolutionNode = FALSE
	EndGlobalSection
	GlobalSection(ExtensibilityGlobals) = postSolution
		SolutionGuid = {845ED103-81D1-422E-9703-81C9B2B7F4D9}
	EndGlobalSection
EndGlobal
